
Microsoft Visual Studio Solution File, Format Version 12.00
# Visual Studio Version 17
VisualStudioVersion = 17.4.33403.182
MinimumVisualStudioVersion = 10.0.40219.1
Project("{FAE04EC0-301F-11D3-BF4B-00C04F79EFBC}") = "FromVSCodeToVSCommunity", "FromVSCodeToVSCommunity\FromVSCodeToVSCommunity.csproj", "{0E0C1B82-D269-416E-8AE9-22D98D1EADB5}"
EndProject
Global
	GlobalSection(SolutionConfigurationPlatforms) = preSolution
		Debug|Any CPU = Debug|Any CPU
		Release|Any CPU = Release|Any CPU
	EndGlobalSection
	GlobalSection(ProjectConfigurationPlatforms) = postSolution
		{0E0C1B82-D269-416E-8AE9-22D98D1EADB5}.Debug|Any CPU.ActiveCfg = Debug|Any CPU
		{0E0C1B82-D269-416E-8AE9-22D98D1EADB5}.Debug|Any CPU.Build.0 = Debug|Any CPU
		{0E0C1B82-D269-416E-8AE9-22D98D1EADB5}.Release|Any CPU.ActiveCfg = Release|Any CPU
		{0E0C1B82-D269-416E-8AE9-22D98D1EADB5}.Release|Any CPU.Build.0 = Release|Any CPU
	EndGlobalSection
	GlobalSection(SolutionProperties) = preSolution
		HideSolutionNode = FALSE
	EndGlobalSection
	GlobalSection(ExtensibilityGlobals) = postSolution
		SolutionGuid = {6C37D2C9-B025-4825-A9BD-D76D11E90C7F}
	EndGlobalSection
EndGlobal
